
Microsoft Visual Studio Solution File, Format Version 12.00
# Visual Studio 15
VisualStudioVersion = 15.0.28010.2050
MinimumVisualStudioVersion = 10.0.40219.1
Project("{FAE04EC0-301F-11D3-BF4B-00C04F79EFBC}") = "BookCollector", "BookCollector\BookCollector.csproj", "{C666A3A6-7681-4070-AAF2-BE17DC8CF570}"
EndProject
Project("{FAE04EC0-301F-11D3-BF4B-00C04F79EFBC}") = "Panda", "Panda\Panda.csproj", "{1A7327AB-3EF4-47B8-8E1F-89CC36483BBB}"
EndProject
Global
	GlobalSection(SolutionConfigurationPlatforms) = preSolution
		Debug|Any CPU = Debug|Any CPU
		Release|Any CPU = Release|Any CPU
	EndGlobalSection
	GlobalSection(ProjectConfigurationPlatforms) = postSolution
		{C666A3A6-7681-4070-AAF2-BE17DC8CF570}.Debug|Any CPU.ActiveCfg = Debug|Any CPU
		{C666A3A6-7681-4070-AAF2-BE17DC8CF570}.Debug|Any CPU.Build.0 = Debug|Any CPU
		{C666A3A6-7681-4070-AAF2-BE17DC8CF570}.Release|Any CPU.ActiveCfg = Release|Any CPU
		{C666A3A6-7681-4070-AAF2-BE17DC8CF570}.Release|Any CPU.Build.0 = Release|Any CPU
		{1A7327AB-3EF4-47B8-8E1F-89CC36483BBB}.Debug|Any CPU.ActiveCfg = Debug|Any CPU
		{1A7327AB-3EF4-47B8-8E1F-89CC36483BBB}.Debug|Any CPU.Build.0 = Debug|Any CPU
		{1A7327AB-3EF4-47B8-8E1F-89CC36483BBB}.Release|Any CPU.ActiveCfg = Release|Any CPU
		{1A7327AB-3EF4-47B8-8E1F-89CC36483BBB}.Release|Any CPU.Build.0 = Release|Any CPU
	EndGlobalSection
	GlobalSection(SolutionProperties) = preSolution
		HideSolutionNode = FALSE
	EndGlobalSection
	GlobalSection(ExtensibilityGlobals) = postSolution
		SolutionGuid = {2E87249D-E236-4647-A59F-34DABB98B7C4}
	EndGlobalSection
EndGlobal
